// !$*UTF8*$!
{
	archiveVersion = 1;
	classes = {
	};
	objectVersion = 55;
	objects = {

/* Begin PBXBuildFile section */
		83DFF9AB7D3CD71E85CF0DC4 /* Pods_MiniApp39_Charts.framework in Frameworks */ = {isa = PBXBuildFile; fileRef = 681A0017F865525CCCF8213F /* Pods_MiniApp39_Charts.framework */; };
		87E2CAC22801467E00BD269A /* AppDelegate.swift in Sources */ = {isa = PBXBuildFile; fileRef = 87E2CAC12801467E00BD269A /* AppDelegate.swift */; };
		87E2CAC42801467E00BD269A /* SceneDelegate.swift in Sources */ = {isa = PBXBuildFile; fileRef = 87E2CAC32801467E00BD269A /* SceneDelegate.swift */; };
		87E2CAC62801467E00BD269A /* ViewController.swift in Sources */ = {isa = PBXBuildFile; fileRef = 87E2CAC52801467E00BD269A /* ViewController.swift */; };
		87E2CAC92801467E00BD269A /* Main.storyboard in Resources */ = {isa = PBXBuildFile; fileRef = 87E2CAC72801467E00BD269A /* Main.storyboard */; };
		87E2CACB2801467F00BD269A /* Assets.xcassets in Resources */ = {isa = PBXBuildFile; fileRef = 87E2CACA2801467F00BD269A /* Assets.xcassets */; };
		87E2CACE2801467F00BD269A /* LaunchScreen.storyboard in Resources */ = {isa = PBXBuildFile; fileRef = 87E2CACC2801467F00BD269A /* LaunchScreen.storyboard */; };
/* End PBXBuildFile section */

/* Begin PBXFileReference section */
		681A0017F865525CCCF8213F /* Pods_MiniApp39_Charts.framework */ = {isa = PBXFileReference; explicitFileType = wrapper.framework; includeInIndex = 0; path = Pods_MiniApp39_Charts.framework; sourceTree = BUILT_PRODUCTS_DIR; };
		87E2CABE2801467E00BD269A /* MiniApp39-Charts.app */ = {isa = PBXFileReference; explicitFileType = wrapper.application; includeInIndex = 0; path = "MiniApp39-Charts.app"; sourceTree = BUILT_PRODUCTS_DIR; };
		87E2CAC12801467E00BD269A /* AppDelegate.swift */ = {isa = PBXFileReference; lastKnownFileType = sourcecode.swift; path = AppDelegate.swift; sourceTree = "<group>"; };
		87E2CAC32801467E00BD269A /* SceneDelegate.swift */ = {isa = PBXFileReference; lastKnownFileType = sourcecode.swift; path = SceneDelegate.swift; sourceTree = "<group>"; };
		87E2CAC52801467E00BD269A /* ViewController.swift */ = {isa = PBXFileReference; lastKnownFileType = sourcecode.swift; path = ViewController.swift; sourceTree = "<group>"; };
		87E2CAC82801467E00BD269A /* Base */ = {isa = PBXFileReference; lastKnownFileType = file.storyboard; name = Base; path = Base.lproj/Main.storyboard; sourceTree = "<group>"; };
		87E2CACA2801467F00BD269A /* Assets.xcassets */ = {isa = PBXFileReference; lastKnownFileType = folder.assetcatalog; path = Assets.xcassets; sourceTree = "<group>"; };
		87E2CACD2801467F00BD269A /* Base */ = {isa = PBXFileReference; lastKnownFileType = file.storyboard; name = Base; path = Base.lproj/LaunchScreen.storyboard; sourceTree = "<group>"; };
		87E2CACF2801467F00BD269A /* Info.plist */ = {isa = PBXFileReference; lastKnownFileType = text.plist.xml; path = Info.plist; sourceTree = "<group>"; };
		CDA1DBCB78BD994002BC2EF4 /* Pods-MiniApp39-Charts.release.xcconfig */ = {isa = PBXFileReference; includeInIndex = 1; lastKnownFileType = text.xcconfig; name = "Pods-MiniApp39-Charts.release.xcconfig"; path = "Target Support Files/Pods-MiniApp39-Charts/Pods-MiniApp39-Charts.release.xcconfig"; sourceTree = "<group>"; };
		F3C79F4C07EB52947000F9BB /* Pods-MiniApp39-Charts.debug.xcconfig */ = {isa = PBXFileReference; includeInIndex = 1; lastKnownFileType = text.xcconfig; name = "Pods-MiniApp39-Charts.debug.xcconfig"; path = "Target Support Files/Pods-MiniApp39-Charts/Pods-MiniApp39-Charts.debug.xcconfig"; sourceTree = "<group>"; };
/* End PBXFileReference section */

/* Begin PBXFrameworksBuildPhase section */
		87E2CABB2801467E00BD269A /* Frameworks */ = {
			isa = PBXFrameworksBuildPhase;
			buildActionMask = 2147483647;
			files = (
				83DFF9AB7D3CD71E85CF0DC4 /* Pods_MiniApp39_Charts.framework in Frameworks */,
			);
			runOnlyForDeploymentPostprocessing = 0;
		};
/* End PBXFrameworksBuildPhase section */

/* Begin PBXGroup section */
		4BCDBAD3CD0AFC450268D293 /* Frameworks */ = {
			isa = PBXGroup;
			children = (
				681A0017F865525CCCF8213F /* Pods_MiniApp39_Charts.framework */,
			);
			name = Frameworks;
			sourceTree = "<group>";
		};
		87E2CAB52801467E00BD269A = {
			isa = PBXGroup;
			children = (
				87E2CAC02801467E00BD269A /* MiniApp39-Charts */,
				87E2CABF2801467E00BD269A /* Products */,
				9727C5A0C261B25C5F160EE5 /* Pods */,
				4BCDBAD3CD0AFC450268D293 /* Frameworks */,
			);
			sourceTree = "<group>";
		};
		87E2CABF2801467E00BD269A /* Products */ = {
			isa = PBXGroup;
			children = (
				87E2CABE2801467E00BD269A /* MiniApp39-Charts.app */,
			);
			name = Products;
			sourceTree = "<group>";
		};
		87E2CAC02801467E00BD269A /* MiniApp39-Charts */ = {
			isa = PBXGroup;
			children = (
				87E2CAC12801467E00BD269A /* AppDelegate.swift */,
				87E2CAC32801467E00BD269A /* SceneDelegate.swift */,
				87E2CAC52801467E00BD269A /* ViewController.swift */,
				87E2CAC72801467E00BD269A /* Main.storyboard */,
				87E2CACA2801467F00BD269A /* Assets.xcassets */,
				87E2CACC2801467F00BD269A /* LaunchScreen.storyboard */,
				87E2CACF2801467F00BD269A /* Info.plist */,
			);
			path = "MiniApp39-Charts";
			sourceTree = "<group>";
		};
		9727C5A0C261B25C5F160EE5 /* Pods */ = {
			isa = PBXGroup;
			children = (
				F3C79F4C07EB52947000F9BB /* Pods-MiniApp39-Charts.debug.xcconfig */,
				CDA1DBCB78BD994002BC2EF4 /* Pods-MiniApp39-Charts.release.xcconfig */,
			);
			name = Pods;
			path = Pods;
			sourceTree = "<group>";
		};
/* End PBXGroup section */

/* Begin PBXNativeTarget section */
		87E2CABD2801467E00BD269A /* MiniApp39-Charts */ = {
			isa = PBXNativeTarget;
			buildConfigurationList = 87E2CAD22801467F00BD269A /* Build configuration list for PBXNativeTarget "MiniApp39-Charts" */;
			buildPhases = (
				2A3EFC22BC9CFAFF110C7116 /* [CP] Check Pods Manifest.lock */,
				87E2CABA2801467E00BD269A /* Sources */,
				87E2CABB2801467E00BD269A /* Frameworks */,
				87E2CABC2801467E00BD269A /* Resources */,
				67595B86A84E49C577D029EE /* [CP] Embed Pods Frameworks */,
			);
			buildRules = (
			);
			dependencies = (
			);
			name = "MiniApp39-Charts";
			productName = "MiniApp39-Charts";
			productReference = 87E2CABE2801467E00BD269A /* MiniApp39-Charts.app */;
			productType = "com.apple.product-type.application";
		};
/* End PBXNativeTarget section */

/* Begin PBXProject section */
		87E2CAB62801467E00BD269A /* Project object */ = {
			isa = PBXProject;
			attributes = {
				BuildIndependentTargetsInParallel = 1;
				LastSwiftUpdateCheck = 1330;
				LastUpgradeCheck = 1330;
				TargetAttributes = {
					87E2CABD2801467E00BD269A = {
						CreatedOnToolsVersion = 13.3;
					};
				};
			};
			buildConfigurationList = 87E2CAB92801467E00BD269A /* Build configuration list for PBXProject "MiniApp39-Charts" */;
			compatibilityVersion = "Xcode 13.0";
			developmentRegion = en;
			hasScannedForEncodings = 0;
			knownRegions = (
				en,
				Base,
			);
			mainGroup = 87E2CAB52801467E00BD269A;
			productRefGroup = 87E2CABF2801467E00BD269A /* Products */;
			projectDirPath = "";
			projectRoot = "";
			targets = (
				87E2CABD2801467E00BD269A /* MiniApp39-Charts */,
			);
		};
/* End PBXProject section */

/* Begin PBXResourcesBuildPhase section */
		87E2CABC2801467E00BD269A /* Resources */ = {
			isa = PBXResourcesBuildPhase;
			buildActionMask = 2147483647;
			files = (
				87E2CACE2801467F00BD269A /* LaunchScreen.storyboard in Resources */,
				87E2CACB2801467F00BD269A /* Assets.xcassets in Resources */,
				87E2CAC92801467E00BD269A /* Main.storyboard in Resources */,
			);
			runOnlyForDeploymentPostprocessing = 0;
		};
/* End PBXResourcesBuildPhase section */

/* Begin PBXShellScriptBuildPhase section */
		2A3EFC22BC9CFAFF110C7116 /* [CP] Check Pods Manifest.lock */ = {
			isa = PBXShellScriptBuildPhase;
			buildActionMask = 2147483647;
			files = (
			);
			inputFileListPaths = (
			);
			inputPaths = (
				"${PODS_PODFILE_DIR_PATH}/Podfile.lock",
				"${PODS_ROOT}/Manifest.lock",
			);
			name = "[CP] Check Pods Manifest.lock";
			outputFileListPaths = (
			);
			outputPaths = (
				"$(DERIVED_FILE_DIR)/Pods-MiniApp39-Charts-checkManifestLockResult.txt",
			);
			runOnlyForDeploymentPostprocessing = 0;
			shellPath = /bin/sh;
			shellScript = "diff \"${PODS_PODFILE_DIR_PATH}/Podfile.lock\" \"${PODS_ROOT}/Manifest.lock\" > /dev/null\nif [ $? != 0 ] ; then\n    # print error to STDERR\n    echo \"error: The sandbox is not in sync with the Podfile.lock. Run 'pod install' or update your CocoaPods installation.\" >&2\n    exit 1\nfi\n# This output is used by Xcode 'outputs' to avoid re-running this script phase.\necho \"SUCCESS\" > \"${SCRIPT_OUTPUT_FILE_0}\"\n";
			showEnvVarsInLog = 0;
		};
		67595B86A84E49C577D029EE /* [CP] Embed Pods Frameworks */ = {
			isa = PBXShellScriptBuildPhase;
			buildActionMask = 2147483647;
			files = (
			);
			inputFileListPaths = (
				"${PODS_ROOT}/Target Support Files/Pods-MiniApp39-Charts/Pods-MiniApp39-Charts-frameworks-${CONFIGURATION}-input-files.xcfilelist",
			);
			name = "[CP] Embed Pods Frameworks";
			outputFileListPaths = (
				"${PODS_ROOT}/Target Support Files/Pods-MiniApp39-Charts/Pods-MiniApp39-Charts-frameworks-${CONFIGURATION}-output-files.xcfilelist",
			);
			runOnlyForDeploymentPostprocessing = 0;
			shellPath = /bin/sh;
			shellScript = "\"${PODS_ROOT}/Target Support Files/Pods-MiniApp39-Charts/Pods-MiniApp39-Charts-frameworks.sh\"\n";
			showEnvVarsInLog = 0;
		};
/* End PBXShellScriptBuildPhase section */

/* Begin PBXSourcesBuildPhase section */
		87E2CABA2801467E00BD269A /* Sources */ = {
			isa = PBXSourcesBuildPhase;
			buildActionMask = 2147483647;
			files = (
				87E2CAC62801467E00BD269A /* ViewController.swift in Sources */,
				87E2CAC22801467E00BD269A /* AppDelegate.swift in Sources */,
				87E2CAC42801467E00BD269A /* SceneDelegate.swift in Sources */,
			);
			runOnlyForDeploymentPostprocessing = 0;
		};
/* End PBXSourcesBuildPhase section */

/* Begin PBXVariantGroup section */
		87E2CAC72801467E00BD269A /* Main.storyboard */ = {
			isa = PBXVariantGroup;
			children = (
				87E2CAC82801467E00BD269A /* Base */,
			);
			name = Main.storyboard;
			sourceTree = "<group>";
		};
		87E2CACC2801467F00BD269A /* LaunchScreen.storyboard */ = {
			isa = PBXVariantGroup;
			children = (
				87E2CACD2801467F00BD269A /* Base */,
			);
			name = LaunchScreen.storyboard;
			sourceTree = "<group>";
		};
/* End PBXVariantGroup section */

/* Begin XCBuildConfiguration section */
		87E2CAD02801467F00BD269A /* Debug */ = {
			isa = XCBuildConfiguration;
			buildSettings = {
				ALWAYS_SEARCH_USER_PATHS = NO;
				CLANG_ANALYZER_NONNULL = YES;
				CLANG_ANALYZER_NUMBER_OBJECT_CONVERSION = YES_AGGRESSIVE;
				CLANG_CXX_LANGUAGE_STANDARD = "gnu++17";
				CLANG_ENABLE_MODULES = YES;
				CLANG_ENABLE_OBJC_ARC = YES;
				CLANG_ENABLE_OBJC_WEAK = YES;
				CLANG_WARN_BLOCK_CAPTURE_AUTORELEASING = YES;
				CLANG_WARN_BOOL_CONVERSION = YES;
				CLANG_WARN_COMMA = YES;
				CLANG_WARN_CONSTANT_CONVERSION = YES;
				CLANG_WARN_DEPRECATED_OBJC_IMPLEMENTATIONS = YES;
				CLANG_WARN_DIRECT_OBJC_ISA_USAGE = YES_ERROR;
				CLANG_WARN_DOCUMENTATION_COMMENTS = YES;
				CLANG_WARN_EMPTY_BODY = YES;
				CLANG_WARN_ENUM_CONVERSION = YES;
				CLANG_WARN_INFINITE_RECURSION = YES;
				CLANG_WARN_INT_CONVERSION = YES;
				CLANG_WARN_NON_LITERAL_NULL_CONVERSION = YES;
				CLANG_WARN_OBJC_IMPLICIT_RETAIN_SELF = YES;
				CLANG_WARN_OBJC_LITERAL_CONVERSION = YES;
				CLANG_WARN_OBJC_ROOT_CLASS = YES_ERROR;
				CLANG_WARN_QUOTED_INCLUDE_IN_FRAMEWORK_HEADER = YES;
				CLANG_WARN_RANGE_LOOP_ANALYSIS = YES;
				CLANG_WARN_STRICT_PROTOTYPES = YES;
				CLANG_WARN_SUSPICIOUS_MOVE = YES;
				CLANG_WARN_UNGUARDED_AVAILABILITY = YES_AGGRESSIVE;
				CLANG_WARN_UNREACHABLE_CODE = YES;
				CLANG_WARN__DUPLICATE_METHOD_MATCH = YES;
				COPY_PHASE_STRIP = NO;
				DEBUG_INFORMATION_FORMAT = dwarf;
				ENABLE_STRICT_OBJC_MSGSEND = YES;
				ENABLE_TESTABILITY = YES;
				GCC_C_LANGUAGE_STANDARD = gnu11;
				GCC_DYNAMIC_NO_PIC = NO;
				GCC_NO_COMMON_BLOCKS = YES;
				GCC_OPTIMIZATION_LEVEL = 0;
				GCC_PREPROCESSOR_DEFINITIONS = (
					"DEBUG=1",
					"$(inherited)",
				);
				GCC_WARN_64_TO_32_BIT_CONVERSION = YES;
				GCC_WARN_ABOUT_RETURN_TYPE = YES_ERROR;
				GCC_WARN_UNDECLARED_SELECTOR = YES;
				GCC_WARN_UNINITIALIZED_AUTOS = YES_AGGRESSIVE;
				GCC_WARN_UNUSED_FUNCTION = YES;
				GCC_WARN_UNUSED_VARIABLE = YES;
				IPHONEOS_DEPLOYMENT_TARGET = 15.4;
				MTL_ENABLE_DEBUG_INFO = INCLUDE_SOURCE;
				MTL_FAST_MATH = YES;
				ONLY_ACTIVE_ARCH = YES;
				SDKROOT = iphoneos;
				SWIFT_ACTIVE_COMPILATION_CONDITIONS = DEBUG;
				SWIFT_OPTIMIZATION_LEVEL = "-Onone";
			};
			name = Debug;
		};
		87E2CAD12801467F00BD269A /* Release */ = {
			isa = XCBuildConfiguration;
			buildSettings = {
				ALWAYS_SEARCH_USER_PATHS = NO;
				CLANG_ANALYZER_NONNULL = YES;
				CLANG_ANALYZER_NUMBER_OBJECT_CONVERSION = YES_AGGRESSIVE;
				CLANG_CXX_LANGUAGE_STANDARD = "gnu++17";
				CLANG_ENABLE_MODULES = YES;
				CLANG_ENABLE_OBJC_ARC = YES;
				CLANG_ENABLE_OBJC_WEAK = YES;
				CLANG_WARN_BLOCK_CAPTURE_AUTORELEASING = YES;
				CLANG_WARN_BOOL_CONVERSION = YES;
				CLANG_WARN_COMMA = YES;
				CLANG_WARN_CONSTANT_CONVERSION = YES;
				CLANG_WARN_DEPRECATED_OBJC_IMPLEMENTATIONS = YES;
				CLANG_WARN_DIRECT_OBJC_ISA_USAGE = YES_ERROR;
				CLANG_WARN_DOCUMENTATION_COMMENTS = YES;
				CLANG_WARN_EMPTY_BODY = YES;
				CLANG_WARN_ENUM_CONVERSION = YES;
				CLANG_WARN_INFINITE_RECURSION = YES;
				CLANG_WARN_INT_CONVERSION = YES;
				CLANG_WARN_NON_LITERAL_NULL_CONVERSION = YES;
				CLANG_WARN_OBJC_IMPLICIT_RETAIN_SELF = YES;
				CLANG_WARN_OBJC_LITERAL_CONVERSION = YES;
				CLANG_WARN_OBJC_ROOT_CLASS = YES_ERROR;
				CLANG_WARN_QUOTED_INCLUDE_IN_FRAMEWORK_HEADER = YES;
				CLANG_WARN_RANGE_LOOP_ANALYSIS = YES;
				CLANG_WARN_STRICT_PROTOTYPES = YES;
				CLANG_WARN_SUSPICIOUS_MOVE = YES;
				CLANG_WARN_UNGUARDED_AVAILABILITY = YES_AGGRESSIVE;
				CLANG_WARN_UNREACHABLE_CODE = YES;
				CLANG_WARN__DUPLICATE_METHOD_MATCH = YES;
				COPY_PHASE_STRIP = NO;
				DEBUG_INFORMATION_FORMAT = "dwarf-with-dsym";
				ENABLE_NS_ASSERTIONS = NO;
				ENABLE_STRICT_OBJC_MSGSEND = YES;
				GCC_C_LANGUAGE_STANDARD = gnu11;
				GCC_NO_COMMON_BLOCKS = YES;
				GCC_WARN_64_TO_32_BIT_CONVERSION = YES;
				GCC_WARN_ABOUT_RETURN_TYPE = YES_ERROR;
				GCC_WARN_UNDECLARED_SELECTOR = YES;
				GCC_WARN_UNINITIALIZED_AUTOS = YES_AGGRESSIVE;
				GCC_WARN_UNUSED_FUNCTION = YES;
				GCC_WARN_UNUSED_VARIABLE = YES;
				IPHONEOS_DEPLOYMENT_TARGET = 15.4;
				MTL_ENABLE_DEBUG_INFO = NO;
				MTL_FAST_MATH = YES;
				SDKROOT = iphoneos;
				SWIFT_COMPILATION_MODE = wholemodule;
				SWIFT_OPTIMIZATION_LEVEL = "-O";
				VALIDATE_PRODUCT = YES;
			};
			name = Release;
		};
		87E2CAD32801467F00BD269A /* Debug */ = {
			isa = XCBuildConfiguration;
			baseConfigurationReference = F3C79F4C07EB52947000F9BB /* Pods-MiniApp39-Charts.debug.xcconfig */;
			buildSettings = {
				ASSETCATALOG_COMPILER_APPICON_NAME = AppIcon;
				ASSETCATALOG_COMPILER_GLOBAL_ACCENT_COLOR_NAME = AccentColor;
				CODE_SIGN_STYLE = Automatic;
				CURRENT_PROJECT_VERSION = 1;
				DEVELOPMENT_TEAM = 558ZJSQN67;
				GENERATE_INFOPLIST_FILE = YES;
				INFOPLIST_FILE = "MiniApp39-Charts/Info.plist";
				INFOPLIST_KEY_UIApplicationSupportsIndirectInputEvents = YES;
				INFOPLIST_KEY_UILaunchStoryboardName = LaunchScreen;
				INFOPLIST_KEY_UIMainStoryboardFile = Main;
				INFOPLIST_KEY_UISupportedInterfaceOrientations_iPad = "UIInterfaceOrientationPortrait UIInterfaceOrientationPortraitUpsideDown UIInterfaceOrientationLandscapeLeft UIInterfaceOrientationLandscapeRight";
				INFOPLIST_KEY_UISupportedInterfaceOrientations_iPhone = "UIInterfaceOrientationPortrait UIInterfaceOrientationLandscapeLeft UIInterfaceOrientationLandscapeRight";
				LD_RUNPATH_SEARCH_PATHS = (
					"$(inherited)",
					"@executable_path/Frameworks",
				);
				MARKETING_VERSION = 1.0;
				PRODUCT_BUNDLE_IDENTIFIER = "org.tetoblog.MiniApp39-Charts";
				PRODUCT_NAME = "$(TARGET_NAME)";
				SWIFT_EMIT_LOC_STRINGS = YES;
				SWIFT_VERSION = 5.0;
				TARGETED_DEVICE_FAMILY = "1,2";
			};
			name = Debug;
		};
		87E2CAD42801467F00BD269A /* Release */ = {
			isa = XCBuildConfiguration;
			baseConfigurationReference = CDA1DBCB78BD994002BC2EF4 /* Pods-MiniApp39-Charts.release.xcconfig */;
			buildSettings = {
				ASSETCATALOG_COMPILER_APPICON_NAME = AppIcon;
				ASSETCATALOG_COMPILER_GLOBAL_ACCENT_COLOR_NAME = AccentColor;
				CODE_SIGN_STYLE = Automatic;
				CURRENT_PROJECT_VERSION = 1;
				DEVELOPMENT_TEAM = 558ZJSQN67;
				GENERATE_INFOPLIST_FILE = YES;
				INFOPLIST_FILE = "MiniApp39-Charts/Info.plist";
				INFOPLIST_KEY_UIApplicationSupportsIndirectInputEvents = YES;
				INFOPLIST_KEY_UILaunchStoryboardName = LaunchScreen;
				INFOPLIST_KEY_UIMainStoryboardFile = Main;
				INFOPLIST_KEY_UISupportedInterfaceOrientations_iPad = "UIInterfaceOrientationPortrait UIInterfaceOrientationPortraitUpsideDown UIInterfaceOrientationLandscapeLeft UIInterfaceOrientationLandscapeRight";
				INFOPLIST_KEY_UISupportedInterfaceOrientations_iPhone = "UIInterfaceOrientationPortrait UIInterfaceOrientationLandscapeLeft UIInterfaceOrientationLandscapeRight";
				LD_RUNPATH_SEARCH_PATHS = (
					"$(inherited)",
					"@executable_path/Frameworks",
				);
				MARKETING_VERSION = 1.0;
				PRODUCT_BUNDLE_IDENTIFIER = "org.tetoblog.MiniApp39-Charts";
				PRODUCT_NAME = "$(TARGET_NAME)";
				SWIFT_EMIT_LOC_STRINGS = YES;
				SWIFT_VERSION = 5.0;
				TARGETED_DEVICE_FAMILY = "1,2";
			};
			name = Release;
		};
/* End XCBuildConfiguration section */

/* Begin XCConfigurationList section */
		87E2CAB92801467E00BD269A /* Build configuration list for PBXProject "MiniApp39-Charts" */ = {
			isa = XCConfigurationList;
			buildConfigurations = (
				87E2CAD02801467F00BD269A /* Debug */,
				87E2CAD12801467F00BD269A /* Release */,
			);
			defaultConfigurationIsVisible = 0;
			defaultConfigurationName = Release;
		};
		87E2CAD22801467F00BD269A /* Build configuration list for PBXNativeTarget "MiniApp39-Charts" */ = {
			isa = XCConfigurationList;
			buildConfigurations = (
				87E2CAD32801467F00BD269A /* Debug */,
				87E2CAD42801467F00BD269A /* Release */,
			);
			defaultConfigurationIsVisible = 0;
			defaultConfigurationName = Release;
		};
/* End XCConfigurationList section */
	};
	rootObject = 87E2CAB62801467E00BD269A /* Project object */;
}
